
Microsoft Visual Studio Solution File, Format Version 12.00
# Visual Studio Version 17
VisualStudioVersion = 17.6.33829.357
MinimumVisualStudioVersion = 10.0.40219.1
Project("{FAE04EC0-301F-11D3-BF4B-00C04F79EFBC}") = "Task 2. DataBase", "Task 2. DataBase.csproj", "{9A0340C7-B856-43E2-BE9C-DB7D47D3370E}"
EndProject
Global
	GlobalSection(SolutionConfigurationPlatforms) = preSolution
		Debug|Any CPU = Debug|Any CPU
		Release|Any CPU = Release|Any CPU
	EndGlobalSection
	GlobalSection(ProjectConfigurationPlatforms) = postSolution
		{9A0340C7-B856-43E2-BE9C-DB7D47D3370E}.Debug|Any CPU.ActiveCfg = Debug|Any CPU
		{9A0340C7-B856-43E2-BE9C-DB7D47D3370E}.Debug|Any CPU.Build.0 = Debug|Any CPU
		{9A0340C7-B856-43E2-BE9C-DB7D47D3370E}.Release|Any CPU.ActiveCfg = Release|Any CPU
		{9A0340C7-B856-43E2-BE9C-DB7D47D3370E}.Release|Any CPU.Build.0 = Release|Any CPU
	EndGlobalSection
	GlobalSection(SolutionProperties) = preSolution
		HideSolutionNode = FALSE
	EndGlobalSection
	GlobalSection(ExtensibilityGlobals) = postSolution
		SolutionGuid = {B32DEC78-1D27-4318-B53E-BF60D5C4C522}
	EndGlobalSection
EndGlobal
