
Microsoft Visual Studio Solution File, Format Version 12.00
# Visual Studio Version 17
VisualStudioVersion = 17.6.33829.357
MinimumVisualStudioVersion = 10.0.40219.1
Project("{FAE04EC0-301F-11D3-BF4B-00C04F79EFBC}") = "Task 2. Counting the sum of cards in the game_21_", "Task 2. Counting the sum of cards in the game_21_.csproj", "{B84CE2B8-B014-49D6-889C-F552D99FE657}"
EndProject
Global
	GlobalSection(SolutionConfigurationPlatforms) = preSolution
		Debug|Any CPU = Debug|Any CPU
		Release|Any CPU = Release|Any CPU
	EndGlobalSection
	GlobalSection(ProjectConfigurationPlatforms) = postSolution
		{B84CE2B8-B014-49D6-889C-F552D99FE657}.Debug|Any CPU.ActiveCfg = Debug|Any CPU
		{B84CE2B8-B014-49D6-889C-F552D99FE657}.Debug|Any CPU.Build.0 = Debug|Any CPU
		{B84CE2B8-B014-49D6-889C-F552D99FE657}.Release|Any CPU.ActiveCfg = Release|Any CPU
		{B84CE2B8-B014-49D6-889C-F552D99FE657}.Release|Any CPU.Build.0 = Release|Any CPU
	EndGlobalSection
	GlobalSection(SolutionProperties) = preSolution
		HideSolutionNode = FALSE
	EndGlobalSection
	GlobalSection(ExtensibilityGlobals) = postSolution
		SolutionGuid = {5B593B97-A540-4C7A-B8D6-0F8DE3130AB7}
	EndGlobalSection
EndGlobal
