
Microsoft Visual Studio Solution File, Format Version 12.00
# Visual Studio Version 17
VisualStudioVersion = 17.6.33829.357
MinimumVisualStudioVersion = 10.0.40219.1
Project("{FAE04EC0-301F-11D3-BF4B-00C04F79EFBC}") = "Task 1. Creating variables and output", "Task 1. Creating variables and output.csproj", "{B503CC8F-0B3F-4CFB-845B-B5C38F597C01}"
EndProject
Global
	GlobalSection(SolutionConfigurationPlatforms) = preSolution
		Debug|Any CPU = Debug|Any CPU
		Release|Any CPU = Release|Any CPU
	EndGlobalSection
	GlobalSection(ProjectConfigurationPlatforms) = postSolution
		{B503CC8F-0B3F-4CFB-845B-B5C38F597C01}.Debug|Any CPU.ActiveCfg = Debug|Any CPU
		{B503CC8F-0B3F-4CFB-845B-B5C38F597C01}.Debug|Any CPU.Build.0 = Debug|Any CPU
		{B503CC8F-0B3F-4CFB-845B-B5C38F597C01}.Release|Any CPU.ActiveCfg = Release|Any CPU
		{B503CC8F-0B3F-4CFB-845B-B5C38F597C01}.Release|Any CPU.Build.0 = Release|Any CPU
	EndGlobalSection
	GlobalSection(SolutionProperties) = preSolution
		HideSolutionNode = FALSE
	EndGlobalSection
	GlobalSection(ExtensibilityGlobals) = postSolution
		SolutionGuid = {619B18CF-AC5C-4309-BC86-F9DC126E46AE}
	EndGlobalSection
EndGlobal
