
Microsoft Visual Studio Solution File, Format Version 12.00
# Visual Studio Version 17
VisualStudioVersion = 17.6.33815.320
MinimumVisualStudioVersion = 10.0.40219.1
Project("{FAE04EC0-301F-11D3-BF4B-00C04F79EFBC}") = "Task. Mini data base", "Task. Mini data base.csproj", "{79CA93DF-55B2-44BE-93E0-64D68B69A7AB}"
EndProject
Global
	GlobalSection(SolutionConfigurationPlatforms) = preSolution
		Debug|Any CPU = Debug|Any CPU
		Release|Any CPU = Release|Any CPU
	EndGlobalSection
	GlobalSection(ProjectConfigurationPlatforms) = postSolution
		{79CA93DF-55B2-44BE-93E0-64D68B69A7AB}.Debug|Any CPU.ActiveCfg = Debug|Any CPU
		{79CA93DF-55B2-44BE-93E0-64D68B69A7AB}.Debug|Any CPU.Build.0 = Debug|Any CPU
		{79CA93DF-55B2-44BE-93E0-64D68B69A7AB}.Release|Any CPU.ActiveCfg = Release|Any CPU
		{79CA93DF-55B2-44BE-93E0-64D68B69A7AB}.Release|Any CPU.Build.0 = Release|Any CPU
	EndGlobalSection
	GlobalSection(SolutionProperties) = preSolution
		HideSolutionNode = FALSE
	EndGlobalSection
	GlobalSection(ExtensibilityGlobals) = postSolution
		SolutionGuid = {2EF71B12-BBB4-4A3E-85BF-752F7F6373B1}
	EndGlobalSection
EndGlobal
