
Microsoft Visual Studio Solution File, Format Version 12.00
# Visual Studio Version 17
VisualStudioVersion = 17.6.33815.320
MinimumVisualStudioVersion = 10.0.40219.1
Project("{FAE04EC0-301F-11D3-BF4B-00C04F79EFBC}") = "Task 2. Matrix addition", "Task 2. Matrix addition.csproj", "{FE2252B8-6588-47A3-9ECB-91E21F305DFC}"
EndProject
Global
	GlobalSection(SolutionConfigurationPlatforms) = preSolution
		Debug|Any CPU = Debug|Any CPU
		Release|Any CPU = Release|Any CPU
	EndGlobalSection
	GlobalSection(ProjectConfigurationPlatforms) = postSolution
		{FE2252B8-6588-47A3-9ECB-91E21F305DFC}.Debug|Any CPU.ActiveCfg = Debug|Any CPU
		{FE2252B8-6588-47A3-9ECB-91E21F305DFC}.Debug|Any CPU.Build.0 = Debug|Any CPU
		{FE2252B8-6588-47A3-9ECB-91E21F305DFC}.Release|Any CPU.ActiveCfg = Release|Any CPU
		{FE2252B8-6588-47A3-9ECB-91E21F305DFC}.Release|Any CPU.Build.0 = Release|Any CPU
	EndGlobalSection
	GlobalSection(SolutionProperties) = preSolution
		HideSolutionNode = FALSE
	EndGlobalSection
	GlobalSection(ExtensibilityGlobals) = postSolution
		SolutionGuid = {6EBD7EF6-EC49-4309-8D48-8ED67539F789}
	EndGlobalSection
EndGlobal
